
Microsoft Visual Studio Solution File, Format Version 12.00
# Visual Studio 2013
VisualStudioVersion = 12.0.30723.0
MinimumVisualStudioVersion = 10.0.40219.1
Project("{FAE04EC0-301F-11D3-BF4B-00C04F79EFBC}") = "myLibrarySWEProject", "myLibrarySWEProject\myLibrarySWEProject.csproj", "{8D9D3D51-A2A0-4E17-97CE-71CB65A9FC14}"
EndProject
Project("{FAE04EC0-301F-11D3-BF4B-00C04F79EFBC}") = "TestApplicationSWEProject", "TestApplicationSWEProject\TestApplicationSWEProject.csproj", "{3437F4CA-71D9-44EE-B4E8-E5C820949182}"
EndProject
Project("{FAE04EC0-301F-11D3-BF4B-00C04F79EFBC}") = "testFormApp", "testFormApp\testFormApp.csproj", "{616EFB10-6B27-47C3-A167-8FD2CCAE5015}"
EndProject
Project("{FAE04EC0-301F-11D3-BF4B-00C04F79EFBC}") = "CustomerDataV1", "CustomerDataV1\CustomerDataV1.csproj", "{1FE2118A-33AE-428A-8435-299424C36DAB}"
EndProject
Global
	GlobalSection(SolutionConfigurationPlatforms) = preSolution
		Debug|Any CPU = Debug|Any CPU
		Release|Any CPU = Release|Any CPU
	EndGlobalSection
	GlobalSection(ProjectConfigurationPlatforms) = postSolution
		{8D9D3D51-A2A0-4E17-97CE-71CB65A9FC14}.Debug|Any CPU.ActiveCfg = Debug|Any CPU
		{8D9D3D51-A2A0-4E17-97CE-71CB65A9FC14}.Debug|Any CPU.Build.0 = Debug|Any CPU
		{8D9D3D51-A2A0-4E17-97CE-71CB65A9FC14}.Release|Any CPU.ActiveCfg = Release|Any CPU
		{8D9D3D51-A2A0-4E17-97CE-71CB65A9FC14}.Release|Any CPU.Build.0 = Release|Any CPU
		{3437F4CA-71D9-44EE-B4E8-E5C820949182}.Debug|Any CPU.ActiveCfg = Debug|Any CPU
		{3437F4CA-71D9-44EE-B4E8-E5C820949182}.Debug|Any CPU.Build.0 = Debug|Any CPU
		{3437F4CA-71D9-44EE-B4E8-E5C820949182}.Release|Any CPU.ActiveCfg = Release|Any CPU
		{3437F4CA-71D9-44EE-B4E8-E5C820949182}.Release|Any CPU.Build.0 = Release|Any CPU
		{616EFB10-6B27-47C3-A167-8FD2CCAE5015}.Debug|Any CPU.ActiveCfg = Debug|Any CPU
		{616EFB10-6B27-47C3-A167-8FD2CCAE5015}.Debug|Any CPU.Build.0 = Debug|Any CPU
		{616EFB10-6B27-47C3-A167-8FD2CCAE5015}.Release|Any CPU.ActiveCfg = Release|Any CPU
		{616EFB10-6B27-47C3-A167-8FD2CCAE5015}.Release|Any CPU.Build.0 = Release|Any CPU
		{1FE2118A-33AE-428A-8435-299424C36DAB}.Debug|Any CPU.ActiveCfg = Debug|Any CPU
		{1FE2118A-33AE-428A-8435-299424C36DAB}.Debug|Any CPU.Build.0 = Debug|Any CPU
		{1FE2118A-33AE-428A-8435-299424C36DAB}.Release|Any CPU.ActiveCfg = Release|Any CPU
		{1FE2118A-33AE-428A-8435-299424C36DAB}.Release|Any CPU.Build.0 = Release|Any CPU
	EndGlobalSection
	GlobalSection(SolutionProperties) = preSolution
		HideSolutionNode = FALSE
	EndGlobalSection
EndGlobal
